// !$*UTF8*$!
{
	archiveVersion = 1;
	classes = {
	};
	objectVersion = 55;
	objects = {

/* Begin PBXBuildFile section */
		EE023C5427B02104004833A8 /* UINavigationController + shouldAutoroate.swift in Sources */ = {isa = PBXBuildFile; fileRef = EE023C5327B02104004833A8 /* UINavigationController + shouldAutoroate.swift */; };
		EE13B1A527A7C62A0060589B /* Note.swift in Sources */ = {isa = PBXBuildFile; fileRef = EE13B1A427A7C62A0060589B /* Note.swift */; };
		EE13B1A727A7C75A0060589B /* Tag.swift in Sources */ = {isa = PBXBuildFile; fileRef = EE13B1A627A7C75A0060589B /* Tag.swift */; };
		EE13B1A927A7C90E0060589B /* NoteCollectionViewCell.swift in Sources */ = {isa = PBXBuildFile; fileRef = EE13B1A827A7C90E0060589B /* NoteCollectionViewCell.swift */; };
		EE145B8327B7FED1008EAA35 /* NoteEditorViewController.swift in Sources */ = {isa = PBXBuildFile; fileRef = EE145B8227B7FED1008EAA35 /* NoteEditorViewController.swift */; };
		EE145B8527B8EA84008EAA35 /* TagCollectionViewCell.swift in Sources */ = {isa = PBXBuildFile; fileRef = EE145B8427B8EA84008EAA35 /* TagCollectionViewCell.swift */; };
		EE145B8727B9012B008EAA35 /* TagCreatorCollectionViewCell.swift in Sources */ = {isa = PBXBuildFile; fileRef = EE145B8627B9012B008EAA35 /* TagCreatorCollectionViewCell.swift */; };
		EE1970CF27BA44930026CE19 /* TrashViewController.swift in Sources */ = {isa = PBXBuildFile; fileRef = EE1970CE27BA44930026CE19 /* TrashViewController.swift */; };
		EE1970D227BA48590026CE19 /* DeletedNoteTableViewCell.swift in Sources */ = {isa = PBXBuildFile; fileRef = EE1970D127BA48590026CE19 /* DeletedNoteTableViewCell.swift */; };
		EE7933A527B4FC220004BEF8 /* ContainerViewController.swift in Sources */ = {isa = PBXBuildFile; fileRef = EE7933A427B4FC220004BEF8 /* ContainerViewController.swift */; };
		EE97D0EB27BF94580095A517 /* CoreDataManagerTests.swift in Sources */ = {isa = PBXBuildFile; fileRef = EE97D0EA27BF94580095A517 /* CoreDataManagerTests.swift */; };
		EE97D0EE27BF952D0095A517 /* CoreDataManager.swift in Sources */ = {isa = PBXBuildFile; fileRef = EE97D0ED27BF952D0095A517 /* CoreDataManager.swift */; };
		EEB76A0227AC168900BCB4B6 /* GradationColor.swift in Sources */ = {isa = PBXBuildFile; fileRef = EEB76A0127AC168900BCB4B6 /* GradationColor.swift */; };
		EEB76A0727AC1D6600BCB4B6 /* UIView+setGradationBackgroundColor.swift in Sources */ = {isa = PBXBuildFile; fileRef = EEB76A0627AC1D6600BCB4B6 /* UIView+setGradationBackgroundColor.swift */; };
		EEB76A0C27AC226600BCB4B6 /* GradationColorsTests.swift in Sources */ = {isa = PBXBuildFile; fileRef = EEB76A0B27AC226600BCB4B6 /* GradationColorsTests.swift */; };
		EEBA7DA627A5A71900DB4824 /* MenuViewController.swift in Sources */ = {isa = PBXBuildFile; fileRef = EEBA7DA527A5A71900DB4824 /* MenuViewController.swift */; };
		EEBA7DA827A5B4FD00DB4824 /* NoteListViewController.swift in Sources */ = {isa = PBXBuildFile; fileRef = EEBA7DA727A5B4FD00DB4824 /* NoteListViewController.swift */; };
		EEDD186F27BFAEF500DAAA52 /* MockCoreDataManager.swift in Sources */ = {isa = PBXBuildFile; fileRef = EEDD186E27BFAEF500DAAA52 /* MockCoreDataManager.swift */; };
		EEDD187127C10E9800DAAA52 /* ColorTransformer.swift in Sources */ = {isa = PBXBuildFile; fileRef = EEDD187027C10E9800DAAA52 /* ColorTransformer.swift */; };
		EEDD187C27C27EE900DAAA52 /* NoteEntity+CoreDataClass.swift in Sources */ = {isa = PBXBuildFile; fileRef = EEDD187A27C27EE900DAAA52 /* NoteEntity+CoreDataClass.swift */; };
		EEDD187D27C27EE900DAAA52 /* NoteEntity+CoreDataProperties.swift in Sources */ = {isa = PBXBuildFile; fileRef = EEDD187B27C27EE900DAAA52 /* NoteEntity+CoreDataProperties.swift */; };
		EEDD188027C27F0400DAAA52 /* TagEntity+CoreDataClass.swift in Sources */ = {isa = PBXBuildFile; fileRef = EEDD187E27C27F0400DAAA52 /* TagEntity+CoreDataClass.swift */; };
		EEDD188127C27F0400DAAA52 /* TagEntity+CoreDataProperties.swift in Sources */ = {isa = PBXBuildFile; fileRef = EEDD187F27C27F0400DAAA52 /* TagEntity+CoreDataProperties.swift */; };
		EEDD188427C28C2600DAAA52 /* NoteManager.swift in Sources */ = {isa = PBXBuildFile; fileRef = EEDD188327C28C2600DAAA52 /* NoteManager.swift */; };
		EEDD18B027C526F300DAAA52 /* PopoverViewController.swift in Sources */ = {isa = PBXBuildFile; fileRef = EEDD18AF27C526F300DAAA52 /* PopoverViewController.swift */; };
		EEF2DF9F27A4660C00CA9CA0 /* AppDelegate.swift in Sources */ = {isa = PBXBuildFile; fileRef = EEF2DF9E27A4660C00CA9CA0 /* AppDelegate.swift */; };
		EEF2DFA127A4660C00CA9CA0 /* SceneDelegate.swift in Sources */ = {isa = PBXBuildFile; fileRef = EEF2DFA027A4660C00CA9CA0 /* SceneDelegate.swift */; };
		EEF2DFA627A4660C00CA9CA0 /* Main.storyboard in Resources */ = {isa = PBXBuildFile; fileRef = EEF2DFA427A4660C00CA9CA0 /* Main.storyboard */; };
		EEF2DFA927A4660C00CA9CA0 /* DeerNote.xcdatamodeld in Sources */ = {isa = PBXBuildFile; fileRef = EEF2DFA727A4660C00CA9CA0 /* DeerNote.xcdatamodeld */; };
		EEF2DFAB27A4660C00CA9CA0 /* Assets.xcassets in Resources */ = {isa = PBXBuildFile; fileRef = EEF2DFAA27A4660C00CA9CA0 /* Assets.xcassets */; };
		EEF2DFAE27A4660C00CA9CA0 /* LaunchScreen.storyboard in Resources */ = {isa = PBXBuildFile; fileRef = EEF2DFAC27A4660C00CA9CA0 /* LaunchScreen.storyboard */; };
		EEF2DFC327A4660D00CA9CA0 /* DeerNoteUITests.swift in Sources */ = {isa = PBXBuildFile; fileRef = EEF2DFC227A4660D00CA9CA0 /* DeerNoteUITests.swift */; };
		EEF2DFC527A4660D00CA9CA0 /* DeerNoteUITestsLaunchTests.swift in Sources */ = {isa = PBXBuildFile; fileRef = EEF2DFC427A4660D00CA9CA0 /* DeerNoteUITestsLaunchTests.swift */; };
/* End PBXBuildFile section */

/* Begin PBXContainerItemProxy section */
		EEF2DFB527A4660D00CA9CA0 /* PBXContainerItemProxy */ = {
			isa = PBXContainerItemProxy;
			containerPortal = EEF2DF9327A4660C00CA9CA0 /* Project object */;
			proxyType = 1;
			remoteGlobalIDString = EEF2DF9A27A4660C00CA9CA0;
			remoteInfo = DeerNote;
		};
		EEF2DFBF27A4660D00CA9CA0 /* PBXContainerItemProxy */ = {
			isa = PBXContainerItemProxy;
			containerPortal = EEF2DF9327A4660C00CA9CA0 /* Project object */;
			proxyType = 1;
			remoteGlobalIDString = EEF2DF9A27A4660C00CA9CA0;
			remoteInfo = DeerNote;
		};
/* End PBXContainerItemProxy section */

/* Begin PBXFileReference section */
		EE023C5327B02104004833A8 /* UINavigationController + shouldAutoroate.swift */ = {isa = PBXFileReference; lastKnownFileType = sourcecode.swift; path = "UINavigationController + shouldAutoroate.swift"; sourceTree = "<group>"; };
		EE13B1A427A7C62A0060589B /* Note.swift */ = {isa = PBXFileReference; lastKnownFileType = sourcecode.swift; path = Note.swift; sourceTree = "<group>"; };
		EE13B1A627A7C75A0060589B /* Tag.swift */ = {isa = PBXFileReference; lastKnownFileType = sourcecode.swift; path = Tag.swift; sourceTree = "<group>"; };
		EE13B1A827A7C90E0060589B /* NoteCollectionViewCell.swift */ = {isa = PBXFileReference; lastKnownFileType = sourcecode.swift; path = NoteCollectionViewCell.swift; sourceTree = "<group>"; };
		EE145B8227B7FED1008EAA35 /* NoteEditorViewController.swift */ = {isa = PBXFileReference; lastKnownFileType = sourcecode.swift; path = NoteEditorViewController.swift; sourceTree = "<group>"; };
		EE145B8427B8EA84008EAA35 /* TagCollectionViewCell.swift */ = {isa = PBXFileReference; lastKnownFileType = sourcecode.swift; path = TagCollectionViewCell.swift; sourceTree = "<group>"; };
		EE145B8627B9012B008EAA35 /* TagCreatorCollectionViewCell.swift */ = {isa = PBXFileReference; lastKnownFileType = sourcecode.swift; path = TagCreatorCollectionViewCell.swift; sourceTree = "<group>"; };
		EE1970CE27BA44930026CE19 /* TrashViewController.swift */ = {isa = PBXFileReference; lastKnownFileType = sourcecode.swift; path = TrashViewController.swift; sourceTree = "<group>"; };
		EE1970D127BA48590026CE19 /* DeletedNoteTableViewCell.swift */ = {isa = PBXFileReference; lastKnownFileType = sourcecode.swift; path = DeletedNoteTableViewCell.swift; sourceTree = "<group>"; };
		EE7933A427B4FC220004BEF8 /* ContainerViewController.swift */ = {isa = PBXFileReference; lastKnownFileType = sourcecode.swift; path = ContainerViewController.swift; sourceTree = "<group>"; };
		EE97D0EA27BF94580095A517 /* CoreDataManagerTests.swift */ = {isa = PBXFileReference; lastKnownFileType = sourcecode.swift; path = CoreDataManagerTests.swift; sourceTree = "<group>"; };
		EE97D0ED27BF952D0095A517 /* CoreDataManager.swift */ = {isa = PBXFileReference; lastKnownFileType = sourcecode.swift; path = CoreDataManager.swift; sourceTree = "<group>"; };
		EEB76A0127AC168900BCB4B6 /* GradationColor.swift */ = {isa = PBXFileReference; fileEncoding = 4; lastKnownFileType = sourcecode.swift; path = GradationColor.swift; sourceTree = "<group>"; };
		EEB76A0627AC1D6600BCB4B6 /* UIView+setGradationBackgroundColor.swift */ = {isa = PBXFileReference; lastKnownFileType = sourcecode.swift; path = "UIView+setGradationBackgroundColor.swift"; sourceTree = "<group>"; };
		EEB76A0B27AC226600BCB4B6 /* GradationColorsTests.swift */ = {isa = PBXFileReference; lastKnownFileType = sourcecode.swift; path = GradationColorsTests.swift; sourceTree = "<group>"; };
		EEBA7DA527A5A71900DB4824 /* MenuViewController.swift */ = {isa = PBXFileReference; lastKnownFileType = sourcecode.swift; path = MenuViewController.swift; sourceTree = "<group>"; };
		EEBA7DA727A5B4FD00DB4824 /* NoteListViewController.swift */ = {isa = PBXFileReference; lastKnownFileType = sourcecode.swift; path = NoteListViewController.swift; sourceTree = "<group>"; };
		EEDD186E27BFAEF500DAAA52 /* MockCoreDataManager.swift */ = {isa = PBXFileReference; lastKnownFileType = sourcecode.swift; path = MockCoreDataManager.swift; sourceTree = "<group>"; };
		EEDD187027C10E9800DAAA52 /* ColorTransformer.swift */ = {isa = PBXFileReference; lastKnownFileType = sourcecode.swift; path = ColorTransformer.swift; sourceTree = "<group>"; };
		EEDD187A27C27EE900DAAA52 /* NoteEntity+CoreDataClass.swift */ = {isa = PBXFileReference; lastKnownFileType = sourcecode.swift; path = "NoteEntity+CoreDataClass.swift"; sourceTree = "<group>"; };
		EEDD187B27C27EE900DAAA52 /* NoteEntity+CoreDataProperties.swift */ = {isa = PBXFileReference; lastKnownFileType = sourcecode.swift; path = "NoteEntity+CoreDataProperties.swift"; sourceTree = "<group>"; };
		EEDD187E27C27F0400DAAA52 /* TagEntity+CoreDataClass.swift */ = {isa = PBXFileReference; lastKnownFileType = sourcecode.swift; path = "TagEntity+CoreDataClass.swift"; sourceTree = "<group>"; };
		EEDD187F27C27F0400DAAA52 /* TagEntity+CoreDataProperties.swift */ = {isa = PBXFileReference; lastKnownFileType = sourcecode.swift; path = "TagEntity+CoreDataProperties.swift"; sourceTree = "<group>"; };
		EEDD188327C28C2600DAAA52 /* NoteManager.swift */ = {isa = PBXFileReference; lastKnownFileType = sourcecode.swift; path = NoteManager.swift; sourceTree = "<group>"; };
		EEDD18AF27C526F300DAAA52 /* PopoverViewController.swift */ = {isa = PBXFileReference; lastKnownFileType = sourcecode.swift; path = PopoverViewController.swift; sourceTree = "<group>"; };
		EEF2DF9B27A4660C00CA9CA0 /* DeerNote.app */ = {isa = PBXFileReference; explicitFileType = wrapper.application; includeInIndex = 0; path = DeerNote.app; sourceTree = BUILT_PRODUCTS_DIR; };
		EEF2DF9E27A4660C00CA9CA0 /* AppDelegate.swift */ = {isa = PBXFileReference; lastKnownFileType = sourcecode.swift; path = AppDelegate.swift; sourceTree = "<group>"; };
		EEF2DFA027A4660C00CA9CA0 /* SceneDelegate.swift */ = {isa = PBXFileReference; lastKnownFileType = sourcecode.swift; path = SceneDelegate.swift; sourceTree = "<group>"; };
		EEF2DFA527A4660C00CA9CA0 /* Base */ = {isa = PBXFileReference; lastKnownFileType = file.storyboard; name = Base; path = Base.lproj/Main.storyboard; sourceTree = "<group>"; };
		EEF2DFA827A4660C00CA9CA0 /* DeerNote.xcdatamodel */ = {isa = PBXFileReference; lastKnownFileType = wrapper.xcdatamodel; path = DeerNote.xcdatamodel; sourceTree = "<group>"; };
		EEF2DFAA27A4660C00CA9CA0 /* Assets.xcassets */ = {isa = PBXFileReference; lastKnownFileType = folder.assetcatalog; path = Assets.xcassets; sourceTree = "<group>"; };
		EEF2DFAD27A4660C00CA9CA0 /* Base */ = {isa = PBXFileReference; lastKnownFileType = file.storyboard; name = Base; path = Base.lproj/LaunchScreen.storyboard; sourceTree = "<group>"; };
		EEF2DFAF27A4660C00CA9CA0 /* Info.plist */ = {isa = PBXFileReference; lastKnownFileType = text.plist.xml; path = Info.plist; sourceTree = "<group>"; };
		EEF2DFB427A4660D00CA9CA0 /* DeerNoteTests.xctest */ = {isa = PBXFileReference; explicitFileType = wrapper.cfbundle; includeInIndex = 0; path = DeerNoteTests.xctest; sourceTree = BUILT_PRODUCTS_DIR; };
		EEF2DFBE27A4660D00CA9CA0 /* DeerNoteUITests.xctest */ = {isa = PBXFileReference; explicitFileType = wrapper.cfbundle; includeInIndex = 0; path = DeerNoteUITests.xctest; sourceTree = BUILT_PRODUCTS_DIR; };
		EEF2DFC227A4660D00CA9CA0 /* DeerNoteUITests.swift */ = {isa = PBXFileReference; lastKnownFileType = sourcecode.swift; path = DeerNoteUITests.swift; sourceTree = "<group>"; };
		EEF2DFC427A4660D00CA9CA0 /* DeerNoteUITestsLaunchTests.swift */ = {isa = PBXFileReference; lastKnownFileType = sourcecode.swift; path = DeerNoteUITestsLaunchTests.swift; sourceTree = "<group>"; };
/* End PBXFileReference section */

/* Begin PBXFrameworksBuildPhase section */
		EEF2DF9827A4660C00CA9CA0 /* Frameworks */ = {
			isa = PBXFrameworksBuildPhase;
			buildActionMask = 2147483647;
			files = (
			);
			runOnlyForDeploymentPostprocessing = 0;
		};
		EEF2DFB127A4660D00CA9CA0 /* Frameworks */ = {
			isa = PBXFrameworksBuildPhase;
			buildActionMask = 2147483647;
			files = (
			);
			runOnlyForDeploymentPostprocessing = 0;
		};
		EEF2DFBB27A4660D00CA9CA0 /* Frameworks */ = {
			isa = PBXFrameworksBuildPhase;
			buildActionMask = 2147483647;
			files = (
			);
			runOnlyForDeploymentPostprocessing = 0;
		};
/* End PBXFrameworksBuildPhase section */

/* Begin PBXGroup section */
		EE023C5227B020D8004833A8 /* Extension */ = {
			isa = PBXGroup;
			children = (
				EE023C5327B02104004833A8 /* UINavigationController + shouldAutoroate.swift */,
			);
			path = Extension;
			sourceTree = "<group>";
		};
		EE13B1A327A7C5F70060589B /* Model */ = {
			isa = PBXGroup;
			children = (
				EE97D0EC27BF951D0095A517 /* CoreData */,
				EE13B1A427A7C62A0060589B /* Note.swift */,
				EE13B1A627A7C75A0060589B /* Tag.swift */,
				EEB76A0127AC168900BCB4B6 /* GradationColor.swift */,
			);
			path = Model;
			sourceTree = "<group>";
		};
		EE145B8127B7FEA5008EAA35 /* NoteEditor */ = {
			isa = PBXGroup;
			children = (
				EE145B8227B7FED1008EAA35 /* NoteEditorViewController.swift */,
				EE145B8427B8EA84008EAA35 /* TagCollectionViewCell.swift */,
				EE145B8627B9012B008EAA35 /* TagCreatorCollectionViewCell.swift */,
			);
			path = NoteEditor;
			sourceTree = "<group>";
		};
		EE1970CD27BA44730026CE19 /* Trash */ = {
			isa = PBXGroup;
			children = (
				EE1970CE27BA44930026CE19 /* TrashViewController.swift */,
				EE1970D127BA48590026CE19 /* DeletedNoteTableViewCell.swift */,
			);
			path = Trash;
			sourceTree = "<group>";
		};
		EE7933A327B4FC110004BEF8 /* ViewControllers */ = {
			isa = PBXGroup;
			children = (
				EE7933A427B4FC220004BEF8 /* ContainerViewController.swift */,
				EEBA7DA727A5B4FD00DB4824 /* NoteListViewController.swift */,
				EEDD18AF27C526F300DAAA52 /* PopoverViewController.swift */,
			);
			path = ViewControllers;
			sourceTree = "<group>";
		};
		EE97D0EC27BF951D0095A517 /* CoreData */ = {
			isa = PBXGroup;
			children = (
				EEDD188227C27F5F00DAAA52 /* Entity */,
				EEF2DFA727A4660C00CA9CA0 /* DeerNote.xcdatamodeld */,
				EEDD188327C28C2600DAAA52 /* NoteManager.swift */,
				EE97D0ED27BF952D0095A517 /* CoreDataManager.swift */,
				EEDD187027C10E9800DAAA52 /* ColorTransformer.swift */,
			);
			path = CoreData;
			sourceTree = "<group>";
		};
		EEB769FA27ABAED600BCB4B6 /* Home */ = {
			isa = PBXGroup;
			children = (
				EE7933A327B4FC110004BEF8 /* ViewControllers */,
				EEB76A0527AC1D4800BCB4B6 /* Extension */,
				EE13B1A827A7C90E0060589B /* NoteCollectionViewCell.swift */,
			);
			path = Home;
			sourceTree = "<group>";
		};
		EEB769FB27ABAF2B00BCB4B6 /* Menu */ = {
			isa = PBXGroup;
			children = (
				EEBA7DA527A5A71900DB4824 /* MenuViewController.swift */,
			);
			path = Menu;
			sourceTree = "<group>";
		};
		EEB769FC27ABAF3700BCB4B6 /* Predicated */ = {
			isa = PBXGroup;
			children = (
				EEF2DF9E27A4660C00CA9CA0 /* AppDelegate.swift */,
				EEF2DFA027A4660C00CA9CA0 /* SceneDelegate.swift */,
				EEF2DFAA27A4660C00CA9CA0 /* Assets.xcassets */,
				EEF2DFAF27A4660C00CA9CA0 /* Info.plist */,
			);
			path = Predicated;
			sourceTree = "<group>";
		};
		EEB769FD27ABAF5100BCB4B6 /* Storyboard */ = {
			isa = PBXGroup;
			children = (
				EEF2DFA427A4660C00CA9CA0 /* Main.storyboard */,
				EEF2DFAC27A4660C00CA9CA0 /* LaunchScreen.storyboard */,
			);
			path = Storyboard;
			sourceTree = "<group>";
		};
		EEB76A0527AC1D4800BCB4B6 /* Extension */ = {
			isa = PBXGroup;
			children = (
				EEB76A0627AC1D6600BCB4B6 /* UIView+setGradationBackgroundColor.swift */,
			);
			path = Extension;
			sourceTree = "<group>";
		};
		EEDD188227C27F5F00DAAA52 /* Entity */ = {
			isa = PBXGroup;
			children = (
				EEDD187E27C27F0400DAAA52 /* TagEntity+CoreDataClass.swift */,
				EEDD187F27C27F0400DAAA52 /* TagEntity+CoreDataProperties.swift */,
				EEDD187A27C27EE900DAAA52 /* NoteEntity+CoreDataClass.swift */,
				EEDD187B27C27EE900DAAA52 /* NoteEntity+CoreDataProperties.swift */,
			);
			path = Entity;
			sourceTree = "<group>";
		};
		EEF2DF9227A4660C00CA9CA0 = {
			isa = PBXGroup;
			children = (
				EEF2DF9D27A4660C00CA9CA0 /* DeerNote */,
				EEF2DFB727A4660D00CA9CA0 /* DeerNoteTests */,
				EEF2DFC127A4660D00CA9CA0 /* DeerNoteUITests */,
				EEF2DF9C27A4660C00CA9CA0 /* Products */,
			);
			sourceTree = "<group>";
		};
		EEF2DF9C27A4660C00CA9CA0 /* Products */ = {
			isa = PBXGroup;
			children = (
				EEF2DF9B27A4660C00CA9CA0 /* DeerNote.app */,
				EEF2DFB427A4660D00CA9CA0 /* DeerNoteTests.xctest */,
				EEF2DFBE27A4660D00CA9CA0 /* DeerNoteUITests.xctest */,
			);
			name = Products;
			sourceTree = "<group>";
		};
		EEF2DF9D27A4660C00CA9CA0 /* DeerNote */ = {
			isa = PBXGroup;
			children = (
				EE023C5227B020D8004833A8 /* Extension */,
				EEB769FD27ABAF5100BCB4B6 /* Storyboard */,
				EEB769FC27ABAF3700BCB4B6 /* Predicated */,
				EE13B1A327A7C5F70060589B /* Model */,
				EEB769FA27ABAED600BCB4B6 /* Home */,
				EEB769FB27ABAF2B00BCB4B6 /* Menu */,
				EE145B8127B7FEA5008EAA35 /* NoteEditor */,
				EE1970CD27BA44730026CE19 /* Trash */,
			);
			path = DeerNote;
			sourceTree = "<group>";
		};
		EEF2DFB727A4660D00CA9CA0 /* DeerNoteTests */ = {
			isa = PBXGroup;
			children = (
				EEB76A0B27AC226600BCB4B6 /* GradationColorsTests.swift */,
				EE97D0EA27BF94580095A517 /* CoreDataManagerTests.swift */,
				EEDD186E27BFAEF500DAAA52 /* MockCoreDataManager.swift */,
			);
			path = DeerNoteTests;
			sourceTree = "<group>";
		};
		EEF2DFC127A4660D00CA9CA0 /* DeerNoteUITests */ = {
			isa = PBXGroup;
			children = (
				EEF2DFC227A4660D00CA9CA0 /* DeerNoteUITests.swift */,
				EEF2DFC427A4660D00CA9CA0 /* DeerNoteUITestsLaunchTests.swift */,
			);
			path = DeerNoteUITests;
			sourceTree = "<group>";
		};
/* End PBXGroup section */

/* Begin PBXNativeTarget section */
		EEF2DF9A27A4660C00CA9CA0 /* DeerNote */ = {
			isa = PBXNativeTarget;
			buildConfigurationList = EEF2DFC827A4660D00CA9CA0 /* Build configuration list for PBXNativeTarget "DeerNote" */;
			buildPhases = (
				EEF2DF9727A4660C00CA9CA0 /* Sources */,
				EEF2DF9827A4660C00CA9CA0 /* Frameworks */,
				EEF2DF9927A4660C00CA9CA0 /* Resources */,
			);
			buildRules = (
			);
			dependencies = (
			);
			name = DeerNote;
			productName = DeerNote;
			productReference = EEF2DF9B27A4660C00CA9CA0 /* DeerNote.app */;
			productType = "com.apple.product-type.application";
		};
		EEF2DFB327A4660D00CA9CA0 /* DeerNoteTests */ = {
			isa = PBXNativeTarget;
			buildConfigurationList = EEF2DFCB27A4660D00CA9CA0 /* Build configuration list for PBXNativeTarget "DeerNoteTests" */;
			buildPhases = (
				EEF2DFB027A4660D00CA9CA0 /* Sources */,
				EEF2DFB127A4660D00CA9CA0 /* Frameworks */,
				EEF2DFB227A4660D00CA9CA0 /* Resources */,
			);
			buildRules = (
			);
			dependencies = (
				EEF2DFB627A4660D00CA9CA0 /* PBXTargetDependency */,
			);
			name = DeerNoteTests;
			productName = DeerNoteTests;
			productReference = EEF2DFB427A4660D00CA9CA0 /* DeerNoteTests.xctest */;
			productType = "com.apple.product-type.bundle.unit-test";
		};
		EEF2DFBD27A4660D00CA9CA0 /* DeerNoteUITests */ = {
			isa = PBXNativeTarget;
			buildConfigurationList = EEF2DFCE27A4660D00CA9CA0 /* Build configuration list for PBXNativeTarget "DeerNoteUITests" */;
			buildPhases = (
				EEF2DFBA27A4660D00CA9CA0 /* Sources */,
				EEF2DFBB27A4660D00CA9CA0 /* Frameworks */,
				EEF2DFBC27A4660D00CA9CA0 /* Resources */,
			);
			buildRules = (
			);
			dependencies = (
				EEF2DFC027A4660D00CA9CA0 /* PBXTargetDependency */,
			);
			name = DeerNoteUITests;
			productName = DeerNoteUITests;
			productReference = EEF2DFBE27A4660D00CA9CA0 /* DeerNoteUITests.xctest */;
			productType = "com.apple.product-type.bundle.ui-testing";
		};
/* End PBXNativeTarget section */

/* Begin PBXProject section */
		EEF2DF9327A4660C00CA9CA0 /* Project object */ = {
			isa = PBXProject;
			attributes = {
				BuildIndependentTargetsInParallel = 1;
				LastSwiftUpdateCheck = 1320;
				LastUpgradeCheck = 1320;
				TargetAttributes = {
					EEF2DF9A27A4660C00CA9CA0 = {
						CreatedOnToolsVersion = 13.2.1;
					};
					EEF2DFB327A4660D00CA9CA0 = {
						CreatedOnToolsVersion = 13.2.1;
						LastSwiftMigration = 1320;
						TestTargetID = EEF2DF9A27A4660C00CA9CA0;
					};
					EEF2DFBD27A4660D00CA9CA0 = {
						CreatedOnToolsVersion = 13.2.1;
						TestTargetID = EEF2DF9A27A4660C00CA9CA0;
					};
				};
			};
			buildConfigurationList = EEF2DF9627A4660C00CA9CA0 /* Build configuration list for PBXProject "DeerNote" */;
			compatibilityVersion = "Xcode 13.0";
			developmentRegion = en;
			hasScannedForEncodings = 0;
			knownRegions = (
				en,
				Base,
			);
			mainGroup = EEF2DF9227A4660C00CA9CA0;
			productRefGroup = EEF2DF9C27A4660C00CA9CA0 /* Products */;
			projectDirPath = "";
			projectRoot = "";
			targets = (
				EEF2DF9A27A4660C00CA9CA0 /* DeerNote */,
				EEF2DFB327A4660D00CA9CA0 /* DeerNoteTests */,
				EEF2DFBD27A4660D00CA9CA0 /* DeerNoteUITests */,
			);
		};
/* End PBXProject section */

/* Begin PBXResourcesBuildPhase section */
		EEF2DF9927A4660C00CA9CA0 /* Resources */ = {
			isa = PBXResourcesBuildPhase;
			buildActionMask = 2147483647;
			files = (
				EEF2DFAE27A4660C00CA9CA0 /* LaunchScreen.storyboard in Resources */,
				EEF2DFAB27A4660C00CA9CA0 /* Assets.xcassets in Resources */,
				EEF2DFA627A4660C00CA9CA0 /* Main.storyboard in Resources */,
			);
			runOnlyForDeploymentPostprocessing = 0;
		};
		EEF2DFB227A4660D00CA9CA0 /* Resources */ = {
			isa = PBXResourcesBuildPhase;
			buildActionMask = 2147483647;
			files = (
			);
			runOnlyForDeploymentPostprocessing = 0;
		};
		EEF2DFBC27A4660D00CA9CA0 /* Resources */ = {
			isa = PBXResourcesBuildPhase;
			buildActionMask = 2147483647;
			files = (
			);
			runOnlyForDeploymentPostprocessing = 0;
		};
/* End PBXResourcesBuildPhase section */

/* Begin PBXSourcesBuildPhase section */
		EEF2DF9727A4660C00CA9CA0 /* Sources */ = {
			isa = PBXSourcesBuildPhase;
			buildActionMask = 2147483647;
			files = (
				EEDD188127C27F0400DAAA52 /* TagEntity+CoreDataProperties.swift in Sources */,
				EE13B1A927A7C90E0060589B /* NoteCollectionViewCell.swift in Sources */,
				EEDD18B027C526F300DAAA52 /* PopoverViewController.swift in Sources */,
				EEDD187127C10E9800DAAA52 /* ColorTransformer.swift in Sources */,
				EEB76A0227AC168900BCB4B6 /* GradationColor.swift in Sources */,
				EEDD188027C27F0400DAAA52 /* TagEntity+CoreDataClass.swift in Sources */,
				EE145B8727B9012B008EAA35 /* TagCreatorCollectionViewCell.swift in Sources */,
				EE13B1A727A7C75A0060589B /* Tag.swift in Sources */,
				EE145B8527B8EA84008EAA35 /* TagCollectionViewCell.swift in Sources */,
				EE1970CF27BA44930026CE19 /* TrashViewController.swift in Sources */,
				EE97D0EE27BF952D0095A517 /* CoreDataManager.swift in Sources */,
				EEBA7DA627A5A71900DB4824 /* MenuViewController.swift in Sources */,
				EE13B1A527A7C62A0060589B /* Note.swift in Sources */,
				EE1970D227BA48590026CE19 /* DeletedNoteTableViewCell.swift in Sources */,
				EEBA7DA827A5B4FD00DB4824 /* NoteListViewController.swift in Sources */,
				EE023C5427B02104004833A8 /* UINavigationController + shouldAutoroate.swift in Sources */,
				EEF2DF9F27A4660C00CA9CA0 /* AppDelegate.swift in Sources */,
				EEF2DFA127A4660C00CA9CA0 /* SceneDelegate.swift in Sources */,
				EEF2DFA927A4660C00CA9CA0 /* DeerNote.xcdatamodeld in Sources */,
				EEDD187C27C27EE900DAAA52 /* NoteEntity+CoreDataClass.swift in Sources */,
				EE7933A527B4FC220004BEF8 /* ContainerViewController.swift in Sources */,
				EE145B8327B7FED1008EAA35 /* NoteEditorViewController.swift in Sources */,
				EEDD188427C28C2600DAAA52 /* NoteManager.swift in Sources */,
				EEB76A0727AC1D6600BCB4B6 /* UIView+setGradationBackgroundColor.swift in Sources */,
				EEDD187D27C27EE900DAAA52 /* NoteEntity+CoreDataProperties.swift in Sources */,
			);
			runOnlyForDeploymentPostprocessing = 0;
		};
		EEF2DFB027A4660D00CA9CA0 /* Sources */ = {
			isa = PBXSourcesBuildPhase;
			buildActionMask = 2147483647;
			files = (
				EE97D0EB27BF94580095A517 /* CoreDataManagerTests.swift in Sources */,
				EEDD186F27BFAEF500DAAA52 /* MockCoreDataManager.swift in Sources */,
				EEB76A0C27AC226600BCB4B6 /* GradationColorsTests.swift in Sources */,
			);
			runOnlyForDeploymentPostprocessing = 0;
		};
		EEF2DFBA27A4660D00CA9CA0 /* Sources */ = {
			isa = PBXSourcesBuildPhase;
			buildActionMask = 2147483647;
			files = (
				EEF2DFC527A4660D00CA9CA0 /* DeerNoteUITestsLaunchTests.swift in Sources */,
				EEF2DFC327A4660D00CA9CA0 /* DeerNoteUITests.swift in Sources */,
			);
			runOnlyForDeploymentPostprocessing = 0;
		};
/* End PBXSourcesBuildPhase section */

/* Begin PBXTargetDependency section */
		EEF2DFB627A4660D00CA9CA0 /* PBXTargetDependency */ = {
			isa = PBXTargetDependency;
			target = EEF2DF9A27A4660C00CA9CA0 /* DeerNote */;
			targetProxy = EEF2DFB527A4660D00CA9CA0 /* PBXContainerItemProxy */;
		};
		EEF2DFC027A4660D00CA9CA0 /* PBXTargetDependency */ = {
			isa = PBXTargetDependency;
			target = EEF2DF9A27A4660C00CA9CA0 /* DeerNote */;
			targetProxy = EEF2DFBF27A4660D00CA9CA0 /* PBXContainerItemProxy */;
		};
/* End PBXTargetDependency section */

/* Begin PBXVariantGroup section */
		EEF2DFA427A4660C00CA9CA0 /* Main.storyboard */ = {
			isa = PBXVariantGroup;
			children = (
				EEF2DFA527A4660C00CA9CA0 /* Base */,
			);
			name = Main.storyboard;
			sourceTree = "<group>";
		};
		EEF2DFAC27A4660C00CA9CA0 /* LaunchScreen.storyboard */ = {
			isa = PBXVariantGroup;
			children = (
				EEF2DFAD27A4660C00CA9CA0 /* Base */,
			);
			name = LaunchScreen.storyboard;
			sourceTree = "<group>";
		};
/* End PBXVariantGroup section */

/* Begin XCBuildConfiguration section */
		EEF2DFC627A4660D00CA9CA0 /* Debug */ = {
			isa = XCBuildConfiguration;
			buildSettings = {
				ALWAYS_SEARCH_USER_PATHS = NO;
				CLANG_ANALYZER_NONNULL = YES;
				CLANG_ANALYZER_NUMBER_OBJECT_CONVERSION = YES_AGGRESSIVE;
				CLANG_CXX_LANGUAGE_STANDARD = "gnu++17";
				CLANG_CXX_LIBRARY = "libc++";
				CLANG_ENABLE_MODULES = YES;
				CLANG_ENABLE_OBJC_ARC = YES;
				CLANG_ENABLE_OBJC_WEAK = YES;
				CLANG_WARN_BLOCK_CAPTURE_AUTORELEASING = YES;
				CLANG_WARN_BOOL_CONVERSION = YES;
				CLANG_WARN_COMMA = YES;
				CLANG_WARN_CONSTANT_CONVERSION = YES;
				CLANG_WARN_DEPRECATED_OBJC_IMPLEMENTATIONS = YES;
				CLANG_WARN_DIRECT_OBJC_ISA_USAGE = YES_ERROR;
				CLANG_WARN_DOCUMENTATION_COMMENTS = YES;
				CLANG_WARN_EMPTY_BODY = YES;
				CLANG_WARN_ENUM_CONVERSION = YES;
				CLANG_WARN_INFINITE_RECURSION = YES;
				CLANG_WARN_INT_CONVERSION = YES;
				CLANG_WARN_NON_LITERAL_NULL_CONVERSION = YES;
				CLANG_WARN_OBJC_IMPLICIT_RETAIN_SELF = YES;
				CLANG_WARN_OBJC_LITERAL_CONVERSION = YES;
				CLANG_WARN_OBJC_ROOT_CLASS = YES_ERROR;
				CLANG_WARN_QUOTED_INCLUDE_IN_FRAMEWORK_HEADER = YES;
				CLANG_WARN_RANGE_LOOP_ANALYSIS = YES;
				CLANG_WARN_STRICT_PROTOTYPES = YES;
				CLANG_WARN_SUSPICIOUS_MOVE = YES;
				CLANG_WARN_UNGUARDED_AVAILABILITY = YES_AGGRESSIVE;
				CLANG_WARN_UNREACHABLE_CODE = YES;
				CLANG_WARN__DUPLICATE_METHOD_MATCH = YES;
				COPY_PHASE_STRIP = NO;
				DEBUG_INFORMATION_FORMAT = dwarf;
				ENABLE_STRICT_OBJC_MSGSEND = YES;
				ENABLE_TESTABILITY = YES;
				GCC_C_LANGUAGE_STANDARD = gnu11;
				GCC_DYNAMIC_NO_PIC = NO;
				GCC_NO_COMMON_BLOCKS = YES;
				GCC_OPTIMIZATION_LEVEL = 0;
				GCC_PREPROCESSOR_DEFINITIONS = (
					"DEBUG=1",
					"$(inherited)",
				);
				GCC_WARN_64_TO_32_BIT_CONVERSION = YES;
				GCC_WARN_ABOUT_RETURN_TYPE = YES_ERROR;
				GCC_WARN_UNDECLARED_SELECTOR = YES;
				GCC_WARN_UNINITIALIZED_AUTOS = YES_AGGRESSIVE;
				GCC_WARN_UNUSED_FUNCTION = YES;
				GCC_WARN_UNUSED_VARIABLE = YES;
				IPHONEOS_DEPLOYMENT_TARGET = 15.2;
				MTL_ENABLE_DEBUG_INFO = INCLUDE_SOURCE;
				MTL_FAST_MATH = YES;
				ONLY_ACTIVE_ARCH = YES;
				SDKROOT = iphoneos;
				SWIFT_ACTIVE_COMPILATION_CONDITIONS = DEBUG;
				SWIFT_OPTIMIZATION_LEVEL = "-Onone";
			};
			name = Debug;
		};
		EEF2DFC727A4660D00CA9CA0 /* Release */ = {
			isa = XCBuildConfiguration;
			buildSettings = {
				ALWAYS_SEARCH_USER_PATHS = NO;
				CLANG_ANALYZER_NONNULL = YES;
				CLANG_ANALYZER_NUMBER_OBJECT_CONVERSION = YES_AGGRESSIVE;
				CLANG_CXX_LANGUAGE_STANDARD = "gnu++17";
				CLANG_CXX_LIBRARY = "libc++";
				CLANG_ENABLE_MODULES = YES;
				CLANG_ENABLE_OBJC_ARC = YES;
				CLANG_ENABLE_OBJC_WEAK = YES;
				CLANG_WARN_BLOCK_CAPTURE_AUTORELEASING = YES;
				CLANG_WARN_BOOL_CONVERSION = YES;
				CLANG_WARN_COMMA = YES;
				CLANG_WARN_CONSTANT_CONVERSION = YES;
				CLANG_WARN_DEPRECATED_OBJC_IMPLEMENTATIONS = YES;
				CLANG_WARN_DIRECT_OBJC_ISA_USAGE = YES_ERROR;
				CLANG_WARN_DOCUMENTATION_COMMENTS = YES;
				CLANG_WARN_EMPTY_BODY = YES;
				CLANG_WARN_ENUM_CONVERSION = YES;
				CLANG_WARN_INFINITE_RECURSION = YES;
				CLANG_WARN_INT_CONVERSION = YES;
				CLANG_WARN_NON_LITERAL_NULL_CONVERSION = YES;
				CLANG_WARN_OBJC_IMPLICIT_RETAIN_SELF = YES;
				CLANG_WARN_OBJC_LITERAL_CONVERSION = YES;
				CLANG_WARN_OBJC_ROOT_CLASS = YES_ERROR;
				CLANG_WARN_QUOTED_INCLUDE_IN_FRAMEWORK_HEADER = YES;
				CLANG_WARN_RANGE_LOOP_ANALYSIS = YES;
				CLANG_WARN_STRICT_PROTOTYPES = YES;
				CLANG_WARN_SUSPICIOUS_MOVE = YES;
				CLANG_WARN_UNGUARDED_AVAILABILITY = YES_AGGRESSIVE;
				CLANG_WARN_UNREACHABLE_CODE = YES;
				CLANG_WARN__DUPLICATE_METHOD_MATCH = YES;
				COPY_PHASE_STRIP = NO;
				DEBUG_INFORMATION_FORMAT = "dwarf-with-dsym";
				ENABLE_NS_ASSERTIONS = NO;
				ENABLE_STRICT_OBJC_MSGSEND = YES;
				GCC_C_LANGUAGE_STANDARD = gnu11;
				GCC_NO_COMMON_BLOCKS = YES;
				GCC_WARN_64_TO_32_BIT_CONVERSION = YES;
				GCC_WARN_ABOUT_RETURN_TYPE = YES_ERROR;
				GCC_WARN_UNDECLARED_SELECTOR = YES;
				GCC_WARN_UNINITIALIZED_AUTOS = YES_AGGRESSIVE;
				GCC_WARN_UNUSED_FUNCTION = YES;
				GCC_WARN_UNUSED_VARIABLE = YES;
				IPHONEOS_DEPLOYMENT_TARGET = 15.2;
				MTL_ENABLE_DEBUG_INFO = NO;
				MTL_FAST_MATH = YES;
				SDKROOT = iphoneos;
				SWIFT_COMPILATION_MODE = wholemodule;
				SWIFT_OPTIMIZATION_LEVEL = "-O";
				VALIDATE_PRODUCT = YES;
			};
			name = Release;
		};
		EEF2DFC927A4660D00CA9CA0 /* Debug */ = {
			isa = XCBuildConfiguration;
			buildSettings = {
				ASSETCATALOG_COMPILER_APPICON_NAME = AppIcon;
				ASSETCATALOG_COMPILER_GLOBAL_ACCENT_COLOR_NAME = AccentColor;
				CODE_SIGN_STYLE = Automatic;
				CURRENT_PROJECT_VERSION = 1;
				DEVELOPMENT_TEAM = G5RH9MF273;
				GENERATE_INFOPLIST_FILE = YES;
				INFOPLIST_FILE = DeerNote/Predicated/Info.plist;
				INFOPLIST_KEY_UIApplicationSupportsIndirectInputEvents = YES;
				INFOPLIST_KEY_UILaunchStoryboardName = LaunchScreen;
				INFOPLIST_KEY_UIMainStoryboardFile = Main;
				INFOPLIST_KEY_UISupportedInterfaceOrientations = "UIInterfaceOrientationPortrait UIInterfaceOrientationPortraitUpsideDown UIInterfaceOrientationLandscapeLeft UIInterfaceOrientationLandscapeRight";
				INFOPLIST_KEY_UISupportedInterfaceOrientations_iPad = "UIInterfaceOrientationPortrait UIInterfaceOrientationPortraitUpsideDown UIInterfaceOrientationLandscapeLeft UIInterfaceOrientationLandscapeRight";
				INFOPLIST_KEY_UISupportedInterfaceOrientations_iPhone = "UIInterfaceOrientationPortrait UIInterfaceOrientationLandscapeLeft UIInterfaceOrientationLandscapeRight";
				IPHONEOS_DEPLOYMENT_TARGET = 13.0;
				LD_RUNPATH_SEARCH_PATHS = (
					"$(inherited)",
					"@executable_path/Frameworks",
				);
				MARKETING_VERSION = 1.0;
				PRODUCT_BUNDLE_IDENTIFIER = kr.co.beepeach.DeerNote;
				PRODUCT_NAME = "$(TARGET_NAME)";
				SWIFT_EMIT_LOC_STRINGS = YES;
				SWIFT_VERSION = 5.0;
				TARGETED_DEVICE_FAMILY = "1,2";
			};
			name = Debug;
		};
		EEF2DFCA27A4660D00CA9CA0 /* Release */ = {
			isa = XCBuildConfiguration;
			buildSettings = {
				ASSETCATALOG_COMPILER_APPICON_NAME = AppIcon;
				ASSETCATALOG_COMPILER_GLOBAL_ACCENT_COLOR_NAME = AccentColor;
				CODE_SIGN_STYLE = Automatic;
				CURRENT_PROJECT_VERSION = 1;
				DEVELOPMENT_TEAM = G5RH9MF273;
				GENERATE_INFOPLIST_FILE = YES;
				INFOPLIST_FILE = DeerNote/Predicated/Info.plist;
				INFOPLIST_KEY_UIApplicationSupportsIndirectInputEvents = YES;
				INFOPLIST_KEY_UILaunchStoryboardName = LaunchScreen;
				INFOPLIST_KEY_UIMainStoryboardFile = Main;
				INFOPLIST_KEY_UISupportedInterfaceOrientations = "UIInterfaceOrientationPortrait UIInterfaceOrientationPortraitUpsideDown UIInterfaceOrientationLandscapeLeft UIInterfaceOrientationLandscapeRight";
				INFOPLIST_KEY_UISupportedInterfaceOrientations_iPad = "UIInterfaceOrientationPortrait UIInterfaceOrientationPortraitUpsideDown UIInterfaceOrientationLandscapeLeft UIInterfaceOrientationLandscapeRight";
				INFOPLIST_KEY_UISupportedInterfaceOrientations_iPhone = "UIInterfaceOrientationPortrait UIInterfaceOrientationLandscapeLeft UIInterfaceOrientationLandscapeRight";
				IPHONEOS_DEPLOYMENT_TARGET = 13.0;
				LD_RUNPATH_SEARCH_PATHS = (
					"$(inherited)",
					"@executable_path/Frameworks",
				);
				MARKETING_VERSION = 1.0;
				PRODUCT_BUNDLE_IDENTIFIER = kr.co.beepeach.DeerNote;
				PRODUCT_NAME = "$(TARGET_NAME)";
				SWIFT_EMIT_LOC_STRINGS = YES;
				SWIFT_VERSION = 5.0;
				TARGETED_DEVICE_FAMILY = "1,2";
			};
			name = Release;
		};
		EEF2DFCC27A4660D00CA9CA0 /* Debug */ = {
			isa = XCBuildConfiguration;
			buildSettings = {
				ALWAYS_EMBED_SWIFT_STANDARD_LIBRARIES = YES;
				BUNDLE_LOADER = "$(TEST_HOST)";
				CLANG_ENABLE_MODULES = YES;
				CODE_SIGN_STYLE = Automatic;
				CURRENT_PROJECT_VERSION = 1;
				DEVELOPMENT_TEAM = G5RH9MF273;
				GENERATE_INFOPLIST_FILE = YES;
				IPHONEOS_DEPLOYMENT_TARGET = 15.2;
				LD_RUNPATH_SEARCH_PATHS = (
					"$(inherited)",
					"@executable_path/Frameworks",
					"@loader_path/Frameworks",
				);
				MARKETING_VERSION = 1.0;
				PRODUCT_BUNDLE_IDENTIFIER = kr.co.beepeach.DeerNoteTests;
				PRODUCT_NAME = "$(TARGET_NAME)";
				SWIFT_EMIT_LOC_STRINGS = NO;
				SWIFT_OBJC_BRIDGING_HEADER = "DeerNoteTests/DeerNoteTests-Bridging-Header.h";
				SWIFT_OPTIMIZATION_LEVEL = "-Onone";
				SWIFT_VERSION = 5.0;
				TARGETED_DEVICE_FAMILY = "1,2";
				TEST_HOST = "$(BUILT_PRODUCTS_DIR)/DeerNote.app/DeerNote";
			};
			name = Debug;
		};
		EEF2DFCD27A4660D00CA9CA0 /* Release */ = {
			isa = XCBuildConfiguration;
			buildSettings = {
				ALWAYS_EMBED_SWIFT_STANDARD_LIBRARIES = YES;
				BUNDLE_LOADER = "$(TEST_HOST)";
				CLANG_ENABLE_MODULES = YES;
				CODE_SIGN_STYLE = Automatic;
				CURRENT_PROJECT_VERSION = 1;
				DEVELOPMENT_TEAM = G5RH9MF273;
				GENERATE_INFOPLIST_FILE = YES;
				IPHONEOS_DEPLOYMENT_TARGET = 15.2;
				LD_RUNPATH_SEARCH_PATHS = (
					"$(inherited)",
					"@executable_path/Frameworks",
					"@loader_path/Frameworks",
				);
				MARKETING_VERSION = 1.0;
				PRODUCT_BUNDLE_IDENTIFIER = kr.co.beepeach.DeerNoteTests;
				PRODUCT_NAME = "$(TARGET_NAME)";
				SWIFT_EMIT_LOC_STRINGS = NO;
				SWIFT_OBJC_BRIDGING_HEADER = "DeerNoteTests/DeerNoteTests-Bridging-Header.h";
				SWIFT_VERSION = 5.0;
				TARGETED_DEVICE_FAMILY = "1,2";
				TEST_HOST = "$(BUILT_PRODUCTS_DIR)/DeerNote.app/DeerNote";
			};
			name = Release;
		};
		EEF2DFCF27A4660D00CA9CA0 /* Debug */ = {
			isa = XCBuildConfiguration;
			buildSettings = {
				ALWAYS_EMBED_SWIFT_STANDARD_LIBRARIES = YES;
				CODE_SIGN_STYLE = Automatic;
				CURRENT_PROJECT_VERSION = 1;
				DEVELOPMENT_TEAM = G5RH9MF273;
				GENERATE_INFOPLIST_FILE = YES;
				MARKETING_VERSION = 1.0;
				PRODUCT_BUNDLE_IDENTIFIER = kr.co.beepeach.DeerNoteUITests;
				PRODUCT_NAME = "$(TARGET_NAME)";
				SWIFT_EMIT_LOC_STRINGS = NO;
				SWIFT_VERSION = 5.0;
				TARGETED_DEVICE_FAMILY = "1,2";
				TEST_TARGET_NAME = DeerNote;
			};
			name = Debug;
		};
		EEF2DFD027A4660D00CA9CA0 /* Release */ = {
			isa = XCBuildConfiguration;
			buildSettings = {
				ALWAYS_EMBED_SWIFT_STANDARD_LIBRARIES = YES;
				CODE_SIGN_STYLE = Automatic;
				CURRENT_PROJECT_VERSION = 1;
				DEVELOPMENT_TEAM = G5RH9MF273;
				GENERATE_INFOPLIST_FILE = YES;
				MARKETING_VERSION = 1.0;
				PRODUCT_BUNDLE_IDENTIFIER = kr.co.beepeach.DeerNoteUITests;
				PRODUCT_NAME = "$(TARGET_NAME)";
				SWIFT_EMIT_LOC_STRINGS = NO;
				SWIFT_VERSION = 5.0;
				TARGETED_DEVICE_FAMILY = "1,2";
				TEST_TARGET_NAME = DeerNote;
			};
			name = Release;
		};
/* End XCBuildConfiguration section */

/* Begin XCConfigurationList section */
		EEF2DF9627A4660C00CA9CA0 /* Build configuration list for PBXProject "DeerNote" */ = {
			isa = XCConfigurationList;
			buildConfigurations = (
				EEF2DFC627A4660D00CA9CA0 /* Debug */,
				EEF2DFC727A4660D00CA9CA0 /* Release */,
			);
			defaultConfigurationIsVisible = 0;
			defaultConfigurationName = Release;
		};
		EEF2DFC827A4660D00CA9CA0 /* Build configuration list for PBXNativeTarget "DeerNote" */ = {
			isa = XCConfigurationList;
			buildConfigurations = (
				EEF2DFC927A4660D00CA9CA0 /* Debug */,
				EEF2DFCA27A4660D00CA9CA0 /* Release */,
			);
			defaultConfigurationIsVisible = 0;
			defaultConfigurationName = Release;
		};
		EEF2DFCB27A4660D00CA9CA0 /* Build configuration list for PBXNativeTarget "DeerNoteTests" */ = {
			isa = XCConfigurationList;
			buildConfigurations = (
				EEF2DFCC27A4660D00CA9CA0 /* Debug */,
				EEF2DFCD27A4660D00CA9CA0 /* Release */,
			);
			defaultConfigurationIsVisible = 0;
			defaultConfigurationName = Release;
		};
		EEF2DFCE27A4660D00CA9CA0 /* Build configuration list for PBXNativeTarget "DeerNoteUITests" */ = {
			isa = XCConfigurationList;
			buildConfigurations = (
				EEF2DFCF27A4660D00CA9CA0 /* Debug */,
				EEF2DFD027A4660D00CA9CA0 /* Release */,
			);
			defaultConfigurationIsVisible = 0;
			defaultConfigurationName = Release;
		};
/* End XCConfigurationList section */

/* Begin XCVersionGroup section */
		EEF2DFA727A4660C00CA9CA0 /* DeerNote.xcdatamodeld */ = {
			isa = XCVersionGroup;
			children = (
				EEF2DFA827A4660C00CA9CA0 /* DeerNote.xcdatamodel */,
			);
			currentVersion = EEF2DFA827A4660C00CA9CA0 /* DeerNote.xcdatamodel */;
			path = DeerNote.xcdatamodeld;
			sourceTree = "<group>";
			versionGroupType = wrapper.xcdatamodel;
		};
/* End XCVersionGroup section */
	};
	rootObject = EEF2DF9327A4660C00CA9CA0 /* Project object */;
}
